
Microsoft Visual Studio Solution File, Format Version 12.00
# Visual Studio 15
VisualStudioVersion = 15.0.28307.168
MinimumVisualStudioVersion = 10.0.40219.1
Project("{9A19103F-16F7-4668-BE54-9A1E7A4F7556}") = "Config", "Config\Config.csproj", "{F1CF4E4A-0B3D-4E42-9445-5C8E52874788}"
EndProject
Project("{9A19103F-16F7-4668-BE54-9A1E7A4F7556}") = "Grains", "Grains\Grains.csproj", "{76E39817-B6E1-463F-9D92-37303F813A8E}"
EndProject
Project("{9A19103F-16F7-4668-BE54-9A1E7A4F7556}") = "ClientApi", "ClientApi\ClientApi.csproj", "{1AE92AD9-71AB-4AAF-87F4-FD986FDBD058}"
EndProject
Project("{9A19103F-16F7-4668-BE54-9A1E7A4F7556}") = "SiloServer", "SiloServer\SiloServer.csproj", "{CE218EDE-FCEC-4391-9F00-10A7ACEA1FA4}"
EndProject
Global
	GlobalSection(SolutionConfigurationPlatforms) = preSolution
		Debug|Any CPU = Debug|Any CPU
		Release|Any CPU = Release|Any CPU
	EndGlobalSection
	GlobalSection(ProjectConfigurationPlatforms) = postSolution
		{F1CF4E4A-0B3D-4E42-9445-5C8E52874788}.Debug|Any CPU.ActiveCfg = Debug|Any CPU
		{F1CF4E4A-0B3D-4E42-9445-5C8E52874788}.Debug|Any CPU.Build.0 = Debug|Any CPU
		{F1CF4E4A-0B3D-4E42-9445-5C8E52874788}.Release|Any CPU.ActiveCfg = Release|Any CPU
		{F1CF4E4A-0B3D-4E42-9445-5C8E52874788}.Release|Any CPU.Build.0 = Release|Any CPU
		{76E39817-B6E1-463F-9D92-37303F813A8E}.Debug|Any CPU.ActiveCfg = Debug|Any CPU
		{76E39817-B6E1-463F-9D92-37303F813A8E}.Debug|Any CPU.Build.0 = Debug|Any CPU
		{76E39817-B6E1-463F-9D92-37303F813A8E}.Release|Any CPU.ActiveCfg = Release|Any CPU
		{76E39817-B6E1-463F-9D92-37303F813A8E}.Release|Any CPU.Build.0 = Release|Any CPU
		{1AE92AD9-71AB-4AAF-87F4-FD986FDBD058}.Debug|Any CPU.ActiveCfg = Debug|Any CPU
		{1AE92AD9-71AB-4AAF-87F4-FD986FDBD058}.Debug|Any CPU.Build.0 = Debug|Any CPU
		{1AE92AD9-71AB-4AAF-87F4-FD986FDBD058}.Release|Any CPU.ActiveCfg = Release|Any CPU
		{1AE92AD9-71AB-4AAF-87F4-FD986FDBD058}.Release|Any CPU.Build.0 = Release|Any CPU
		{CE218EDE-FCEC-4391-9F00-10A7ACEA1FA4}.Debug|Any CPU.ActiveCfg = Debug|Any CPU
		{CE218EDE-FCEC-4391-9F00-10A7ACEA1FA4}.Debug|Any CPU.Build.0 = Debug|Any CPU
		{CE218EDE-FCEC-4391-9F00-10A7ACEA1FA4}.Release|Any CPU.ActiveCfg = Release|Any CPU
		{CE218EDE-FCEC-4391-9F00-10A7ACEA1FA4}.Release|Any CPU.Build.0 = Release|Any CPU
	EndGlobalSection
	GlobalSection(SolutionProperties) = preSolution
		HideSolutionNode = FALSE
	EndGlobalSection
	GlobalSection(ExtensibilityGlobals) = postSolution
		SolutionGuid = {4D7B361E-0541-45A5-AA1B-7E9AD74DE6E1}
	EndGlobalSection
EndGlobal
